
Microsoft Visual Studio Solution File, Format Version 12.00
# Visual Studio Version 17
VisualStudioVersion = 17.9.34607.119
MinimumVisualStudioVersion = 10.0.40219.1
Project("{FAE04EC0-301F-11D3-BF4B-00C04F79EFBC}") = "SportEvents", "SportEvents.csproj", "{A7790999-5E52-4F54-A8E4-05EEA081FC61}"
EndProject
Global
	GlobalSection(SolutionConfigurationPlatforms) = preSolution
		Debug|Any CPU = Debug|Any CPU
		Release|Any CPU = Release|Any CPU
	EndGlobalSection
	GlobalSection(ProjectConfigurationPlatforms) = postSolution
		{A7790999-5E52-4F54-A8E4-05EEA081FC61}.Debug|Any CPU.ActiveCfg = Debug|Any CPU
		{A7790999-5E52-4F54-A8E4-05EEA081FC61}.Debug|Any CPU.Build.0 = Debug|Any CPU
		{A7790999-5E52-4F54-A8E4-05EEA081FC61}.Release|Any CPU.ActiveCfg = Release|Any CPU
		{A7790999-5E52-4F54-A8E4-05EEA081FC61}.Release|Any CPU.Build.0 = Release|Any CPU
	EndGlobalSection
	GlobalSection(SolutionProperties) = preSolution
		HideSolutionNode = FALSE
	EndGlobalSection
	GlobalSection(ExtensibilityGlobals) = postSolution
		SolutionGuid = {6E3DC84F-B3D6-4360-B6CD-204D6A1795F0}
	EndGlobalSection
EndGlobal
